
Microsoft Visual Studio Solution File, Format Version 12.00
# Visual Studio 15
VisualStudioVersion = 15.0.28307.1340
MinimumVisualStudioVersion = 10.0.40219.1
Project("{8BC9CEB8-8B4A-11D0-8D11-00A0C91BC942}") = "Impdll", "Impdll\Impdll.vcxproj", "{36667C38-7AF9-424D-95F4-5EAB76BDE81A}"
EndProject
Global
	GlobalSection(SolutionConfigurationPlatforms) = preSolution
		Debug|x64 = Debug|x64
		Debug|x86 = Debug|x86
		Release|x64 = Release|x64
		Release|x86 = Release|x86
	EndGlobalSection
	GlobalSection(ProjectConfigurationPlatforms) = postSolution
		{36667C38-7AF9-424D-95F4-5EAB76BDE81A}.Debug|x64.ActiveCfg = Debug|x64
		{36667C38-7AF9-424D-95F4-5EAB76BDE81A}.Debug|x64.Build.0 = Debug|x64
		{36667C38-7AF9-424D-95F4-5EAB76BDE81A}.Debug|x86.ActiveCfg = Debug|Win32
		{36667C38-7AF9-424D-95F4-5EAB76BDE81A}.Debug|x86.Build.0 = Debug|Win32
		{36667C38-7AF9-424D-95F4-5EAB76BDE81A}.Release|x64.ActiveCfg = Release|x64
		{36667C38-7AF9-424D-95F4-5EAB76BDE81A}.Release|x64.Build.0 = Release|x64
		{36667C38-7AF9-424D-95F4-5EAB76BDE81A}.Release|x86.ActiveCfg = Release|Win32
		{36667C38-7AF9-424D-95F4-5EAB76BDE81A}.Release|x86.Build.0 = Release|Win32
	EndGlobalSection
	GlobalSection(SolutionProperties) = preSolution
		HideSolutionNode = FALSE
	EndGlobalSection
	GlobalSection(ExtensibilityGlobals) = postSolution
		SolutionGuid = {EC16726B-3BDF-4EE2-BD96-FF9A9D1340EA}
	EndGlobalSection
EndGlobal
